
Microsoft Visual Studio Solution File, Format Version 12.00
Project("{FAE04EC0-301F-11D3-BF4B-00C04F79EFBC}") = "СurrencyConversion.Host", "СurrencyConversion.Host\СurrencyConversion.Host.csproj", "{C1AF7200-82C7-4AAC-B984-4CC1E890CFC1}"
EndProject
Project("{FAE04EC0-301F-11D3-BF4B-00C04F79EFBC}") = "CurrencyConversion.Services", "CurrencyConversion.Services\CurrencyConversion.Services.csproj", "{A4AC4831-D7AD-4845-A184-693E0598717B}"
EndProject
Project("{FAE04EC0-301F-11D3-BF4B-00C04F79EFBC}") = "CurrencyConversion.Data", "CurrencyConversion.Data\CurrencyConversion.Data.csproj", "{E7A2289A-D8D4-459E-AC4C-F1C20F4F10CB}"
EndProject
Project("{2150E333-8FDC-42A3-9474-1A3956D46DE8}") = "Tests", "Tests", "{7C037667-9209-411D-AD00-474EBD8A4A24}"
EndProject
Project("{FAE04EC0-301F-11D3-BF4B-00C04F79EFBC}") = "CurrencyConversion.Api.Contracts", "CurrencyConversion.Api.Contracts\CurrencyConversion.Api.Contracts.csproj", "{3F3DE4B6-825B-45BC-9768-2102730A3C00}"
EndProject
Project("{FAE04EC0-301F-11D3-BF4B-00C04F79EFBC}") = "CurrencyConversion.UnitTests", "Tests\CurrencyConversion.UnitTests\CurrencyConversion.UnitTests.csproj", "{4814FE1F-D18B-456C-BFE7-95E2C97406AB}"
EndProject
Project("{2150E333-8FDC-42A3-9474-1A3956D46DE8}") = "Items", "Items", "{C066EFCE-6E59-4559-99B9-DE7C78F049B5}"
	ProjectSection(SolutionItems) = preProject
		readme.md = readme.md
		global.json = global.json
	EndProjectSection
EndProject
Global
	GlobalSection(SolutionConfigurationPlatforms) = preSolution
		Debug|Any CPU = Debug|Any CPU
		Release|Any CPU = Release|Any CPU
	EndGlobalSection
	GlobalSection(ProjectConfigurationPlatforms) = postSolution
		{C1AF7200-82C7-4AAC-B984-4CC1E890CFC1}.Debug|Any CPU.ActiveCfg = Debug|Any CPU
		{C1AF7200-82C7-4AAC-B984-4CC1E890CFC1}.Debug|Any CPU.Build.0 = Debug|Any CPU
		{C1AF7200-82C7-4AAC-B984-4CC1E890CFC1}.Release|Any CPU.ActiveCfg = Release|Any CPU
		{C1AF7200-82C7-4AAC-B984-4CC1E890CFC1}.Release|Any CPU.Build.0 = Release|Any CPU
		{A4AC4831-D7AD-4845-A184-693E0598717B}.Debug|Any CPU.ActiveCfg = Debug|Any CPU
		{A4AC4831-D7AD-4845-A184-693E0598717B}.Debug|Any CPU.Build.0 = Debug|Any CPU
		{A4AC4831-D7AD-4845-A184-693E0598717B}.Release|Any CPU.ActiveCfg = Release|Any CPU
		{A4AC4831-D7AD-4845-A184-693E0598717B}.Release|Any CPU.Build.0 = Release|Any CPU
		{E7A2289A-D8D4-459E-AC4C-F1C20F4F10CB}.Debug|Any CPU.ActiveCfg = Debug|Any CPU
		{E7A2289A-D8D4-459E-AC4C-F1C20F4F10CB}.Debug|Any CPU.Build.0 = Debug|Any CPU
		{E7A2289A-D8D4-459E-AC4C-F1C20F4F10CB}.Release|Any CPU.ActiveCfg = Release|Any CPU
		{E7A2289A-D8D4-459E-AC4C-F1C20F4F10CB}.Release|Any CPU.Build.0 = Release|Any CPU
		{3F3DE4B6-825B-45BC-9768-2102730A3C00}.Debug|Any CPU.ActiveCfg = Debug|Any CPU
		{3F3DE4B6-825B-45BC-9768-2102730A3C00}.Debug|Any CPU.Build.0 = Debug|Any CPU
		{3F3DE4B6-825B-45BC-9768-2102730A3C00}.Release|Any CPU.ActiveCfg = Release|Any CPU
		{3F3DE4B6-825B-45BC-9768-2102730A3C00}.Release|Any CPU.Build.0 = Release|Any CPU
		{4814FE1F-D18B-456C-BFE7-95E2C97406AB}.Debug|Any CPU.ActiveCfg = Debug|Any CPU
		{4814FE1F-D18B-456C-BFE7-95E2C97406AB}.Debug|Any CPU.Build.0 = Debug|Any CPU
		{4814FE1F-D18B-456C-BFE7-95E2C97406AB}.Release|Any CPU.ActiveCfg = Release|Any CPU
		{4814FE1F-D18B-456C-BFE7-95E2C97406AB}.Release|Any CPU.Build.0 = Release|Any CPU
	EndGlobalSection
	GlobalSection(NestedProjects) = preSolution
		{4814FE1F-D18B-456C-BFE7-95E2C97406AB} = {7C037667-9209-411D-AD00-474EBD8A4A24}
	EndGlobalSection
EndGlobal
